
Microsoft Visual Studio Solution File, Format Version 12.00
# Visual Studio Version 17
VisualStudioVersion = 17.14.36518.9 d17.14
MinimumVisualStudioVersion = 10.0.40219.1
Project("{2150E333-8FDC-42A3-9474-1A3956D46DE8}") = "Task0", "Task0", "{36D591C7-65C7-A0D1-1CBC-10CDE441BDC8}"
EndProject
Project("{2150E333-8FDC-42A3-9474-1A3956D46DE8}") = "Task1", "Task1", "{786300BA-C527-4763-8978-25508D8FEDDA}"
EndProject
Project("{2150E333-8FDC-42A3-9474-1A3956D46DE8}") = "Task2", "Task2", "{37C77A51-F926-4E7F-88A7-5724F6F9B744}"
EndProject
Project("{2150E333-8FDC-42A3-9474-1A3956D46DE8}") = "Task3", "Task3", "{90947394-0DFF-4E07-9F86-7FAA306FE02E}"
EndProject
Project("{2150E333-8FDC-42A3-9474-1A3956D46DE8}") = "Task4", "Task4", "{8F4C633B-1F71-4588-B935-4D8F6AA8ACF0}"
EndProject
Project("{2150E333-8FDC-42A3-9474-1A3956D46DE8}") = "Task5", "Task5", "{DF4926D8-0C6C-4F6B-89AF-899D70B23609}"
EndProject
Project("{2150E333-8FDC-42A3-9474-1A3956D46DE8}") = "Task6", "Task6", "{CC06CB47-20E1-49B1-9AA3-DBBDAA82B35A}"
EndProject
Project("{2150E333-8FDC-42A3-9474-1A3956D46DE8}") = "Task7", "Task7", "{EBF885B3-26CE-4EFE-8834-D6B9BC341359}"
EndProject
Project("{FAE04EC0-301F-11D3-BF4B-00C04F79EFBC}") = "Tyuiu.ZjatkovDV.Sprint3.Task0.V13", "Tyuiu.ZjatkovDV.Sprint3.Task0.V13\Tyuiu.ZjatkovDV.Sprint3.Task0.V13.csproj", "{2DA33B38-793C-4FBA-AE2B-B00121FDA7D5}"
EndProject
Project("{FAE04EC0-301F-11D3-BF4B-00C04F79EFBC}") = "Tyuiu.ZjatkovDV.Sprint3.Task0.V13.Lib", "Tyuiu.ZjatkovDV.Sprint3.Task0.V13.Lib\Tyuiu.ZjatkovDV.Sprint3.Task0.V13.Lib.csproj", "{3EA8D475-CA24-44D1-BE12-DACC7E28B85A}"
EndProject
Project("{FAE04EC0-301F-11D3-BF4B-00C04F79EFBC}") = "Tyuiu.ZjatkovDV.Sprint3.Task0.V13.Test", "Tyuiu.ZjatkovDV.Sprint3.Task0.V13.Test\Tyuiu.ZjatkovDV.Sprint3.Task0.V13.Test.csproj", "{DA592303-F3AD-4473-B7CB-8EE8AB7EBC8C}"
EndProject
Project("{FAE04EC0-301F-11D3-BF4B-00C04F79EFBC}") = "Tyuiu.ZjatkovDV.Sprint3.Task1.V23", "Tyuiu.ZjatkovDV.Sprint3.Task1.V23\Tyuiu.ZjatkovDV.Sprint3.Task1.V23.csproj", "{379A7425-492E-45CD-A6E9-9478BE481429}"
EndProject
Project("{FAE04EC0-301F-11D3-BF4B-00C04F79EFBC}") = "Tyuiu.ZjatkovDV.Sprint3.Task1.V23.Lib", "Tyuiu.ZjatkovDV.Sprint3.Task1.V23.Lib\Tyuiu.ZjatkovDV.Sprint3.Task1.V23.Lib.csproj", "{0CDFC284-23DA-46D0-85E3-2A07B8A3CB54}"
EndProject
Project("{FAE04EC0-301F-11D3-BF4B-00C04F79EFBC}") = "Tyuiu.ZjatkovDV.Sprint3.Task1.V23.Test", "Tyuiu.ZjatkovDV.Sprint3.Task1.V23.Test\Tyuiu.ZjatkovDV.Sprint3.Task1.V23.Test.csproj", "{12E350E7-5610-4D41-AA45-4CA34A3E81CE}"
EndProject
Project("{FAE04EC0-301F-11D3-BF4B-00C04F79EFBC}") = "Tyuiu.ZjatkovDV.Sprint3.Task2.V25", "Tyuiu.ZjatkovDV.Sprint3.Task2.V25\Tyuiu.ZjatkovDV.Sprint3.Task2.V25.csproj", "{E039742E-4882-459F-8345-2FB633351D77}"
EndProject
Project("{FAE04EC0-301F-11D3-BF4B-00C04F79EFBC}") = "Tyuiu.ZjatkovDV.Sprint3.Task2.V25.Lib", "Tyuiu.ZjatkovDV.Sprint3.Task2.V25.Lib\Tyuiu.ZjatkovDV.Sprint3.Task2.V25.Lib.csproj", "{0EF1C815-1F17-4C34-BCE7-3CF8437E76C0}"
EndProject
Project("{FAE04EC0-301F-11D3-BF4B-00C04F79EFBC}") = "Tyuiu.ZjatkovDV.Sprint3.Task2.V25.Test", "Tyuiu.ZjatkovDV.Sprint3.Task2.V25.Test\Tyuiu.ZjatkovDV.Sprint3.Task2.V25.Test.csproj", "{347B9560-4FCF-4B23-BB96-6E1279C4CE3E}"
EndProject
Project("{FAE04EC0-301F-11D3-BF4B-00C04F79EFBC}") = "Tyuiu.ZjatkovDV.Sprint3.Task3.V20", "Tyuiu.ZjatkovDV.Sprint3.Task3.V20\Tyuiu.ZjatkovDV.Sprint3.Task3.V20.csproj", "{3787BDAD-92B6-40D5-90EE-3CFF7D667A87}"
EndProject
Project("{FAE04EC0-301F-11D3-BF4B-00C04F79EFBC}") = "Tyuiu.ZjatkovDV.Sprint3.Task3.V20.Lib", "Tyuiu.ZjatkovDV.Sprint3.Task3.V20.Lib\Tyuiu.ZjatkovDV.Sprint3.Task3.V20.Lib.csproj", "{3FBDACA6-66C9-43E4-B70A-95BC204D1586}"
EndProject
Project("{FAE04EC0-301F-11D3-BF4B-00C04F79EFBC}") = "Tyuiu.ZjatkovDV.Sprint3.Task3.V20.Test", "Tyuiu.ZjatkovDV.Sprint3.Task3.V20.Test\Tyuiu.ZjatkovDV.Sprint3.Task3.V20.Test.csproj", "{4DD577BF-C891-4D7F-9037-A624DC58F1F2}"
EndProject
Project("{FAE04EC0-301F-11D3-BF4B-00C04F79EFBC}") = "Tyuiu.ZjatkovDV.Sprint3.Task4.V27", "Tyuiu.ZjatkovDV.Sprint3.Task4.V27\Tyuiu.ZjatkovDV.Sprint3.Task4.V27.csproj", "{0C758E15-33BC-414C-8A85-1FFDF2D0EE0E}"
EndProject
Project("{FAE04EC0-301F-11D3-BF4B-00C04F79EFBC}") = "Tyuiu.ZjatkovDV.Sprint3.Task4.V27.Lib", "Tyuiu.ZjatkovDV.Sprint3.Task4.V27.Lib\Tyuiu.ZjatkovDV.Sprint3.Task4.V27.Lib.csproj", "{1B09D7D2-BD22-4102-862A-73A02DB5440B}"
EndProject
Project("{FAE04EC0-301F-11D3-BF4B-00C04F79EFBC}") = "Tyuiu.ZjatkovDV.Sprint3.Task4.V27.Test", "Tyuiu.ZjatkovDV.Sprint3.Task4.V27.Test\Tyuiu.ZjatkovDV.Sprint3.Task4.V27.Test.csproj", "{3C1C24AB-0534-40D9-9A6A-F587B2A9262B}"
EndProject
Project("{FAE04EC0-301F-11D3-BF4B-00C04F79EFBC}") = "Tyuiu.ZjatkovDV.Sprint3.Task5.V22", "Tyuiu.ZjatkovDV.Sprint3.Task5.V22\Tyuiu.ZjatkovDV.Sprint3.Task5.V22.csproj", "{09833363-8A05-40E6-AD22-0AC93AED98DD}"
EndProject
Project("{FAE04EC0-301F-11D3-BF4B-00C04F79EFBC}") = "Tyuiu.ZjatkovDV.Sprint3.Task5.V22.Lib", "Tyuiu.ZjatkovDV.Sprint3.Task5.V22.Lib\Tyuiu.ZjatkovDV.Sprint3.Task5.V22.Lib.csproj", "{AC6A1740-AE72-4C7C-A45F-7770CD751D35}"
EndProject
Project("{FAE04EC0-301F-11D3-BF4B-00C04F79EFBC}") = "Tyuiu.ZjatkovDV.Sprint3.Task5.V22.Test", "Tyuiu.ZjatkovDV.Sprint3.Task5.V22.Test\Tyuiu.ZjatkovDV.Sprint3.Task5.V22.Test.csproj", "{ECA24EDD-7A44-494D-BC7A-D31681E6A804}"
EndProject
Project("{FAE04EC0-301F-11D3-BF4B-00C04F79EFBC}") = "Tyuiu.ZjatkovDV.Sprint3.Task6.V23", "Tyuiu.ZjatkovDV.Sprint3.Task6.V23\Tyuiu.ZjatkovDV.Sprint3.Task6.V23.csproj", "{2723C449-C832-4093-87C6-C346BF001DD4}"
EndProject
Project("{FAE04EC0-301F-11D3-BF4B-00C04F79EFBC}") = "Tyuiu.ZjatkovDV.Sprint3.Task6.V23.Lib", "Tyuiu.ZjatkovDV.Sprint3.Task6.V23.Lib\Tyuiu.ZjatkovDV.Sprint3.Task6.V23.Lib.csproj", "{40988F4B-E62F-4953-81FA-4FB7C06D4738}"
EndProject
Project("{FAE04EC0-301F-11D3-BF4B-00C04F79EFBC}") = "Tyuiu.ZjatkovDV.Sprint3.Task6.V23.Test", "Tyuiu.ZjatkovDV.Sprint3.Task6.V23.Test\Tyuiu.ZjatkovDV.Sprint3.Task6.V23.Test.csproj", "{EFF80699-A15E-432E-A74B-3690E70E3453}"
EndProject
Project("{FAE04EC0-301F-11D3-BF4B-00C04F79EFBC}") = "Tyuiu.ZjatkovDV.Sprint3.Task7.V11", "Tyuiu.ZjatkovDV.Sprint3.Task7.V11\Tyuiu.ZjatkovDV.Sprint3.Task7.V11.csproj", "{EBBB9A0F-EFF1-4E59-A012-F8615095ACAD}"
EndProject
Project("{FAE04EC0-301F-11D3-BF4B-00C04F79EFBC}") = "Tyuiu.ZjatkovDV.Sprint3.Task7.V11.Lib", "Tyuiu.ZjatkovDV.Sprint3.Task7.V11.Lib\Tyuiu.ZjatkovDV.Sprint3.Task7.V11.Lib.csproj", "{DAB24583-E406-45F6-9FED-A96AE6E70AFC}"
EndProject
Project("{FAE04EC0-301F-11D3-BF4B-00C04F79EFBC}") = "Tyuiu.ZjatkovDV.Sprint3.Task7.V11.Test", "Tyuiu.ZjatkovDV.Sprint3.Task7.V11.Test\Tyuiu.ZjatkovDV.Sprint3.Task7.V11.Test.csproj", "{4392BA1E-0133-45F0-97EE-D634C4FD1692}"
EndProject
Global
	GlobalSection(SolutionConfigurationPlatforms) = preSolution
		Debug|Any CPU = Debug|Any CPU
		Release|Any CPU = Release|Any CPU
	EndGlobalSection
	GlobalSection(ProjectConfigurationPlatforms) = postSolution
		{2DA33B38-793C-4FBA-AE2B-B00121FDA7D5}.Debug|Any CPU.ActiveCfg = Debug|Any CPU
		{2DA33B38-793C-4FBA-AE2B-B00121FDA7D5}.Debug|Any CPU.Build.0 = Debug|Any CPU
		{2DA33B38-793C-4FBA-AE2B-B00121FDA7D5}.Release|Any CPU.ActiveCfg = Release|Any CPU
		{2DA33B38-793C-4FBA-AE2B-B00121FDA7D5}.Release|Any CPU.Build.0 = Release|Any CPU
		{3EA8D475-CA24-44D1-BE12-DACC7E28B85A}.Debug|Any CPU.ActiveCfg = Debug|Any CPU
		{3EA8D475-CA24-44D1-BE12-DACC7E28B85A}.Debug|Any CPU.Build.0 = Debug|Any CPU
		{3EA8D475-CA24-44D1-BE12-DACC7E28B85A}.Release|Any CPU.ActiveCfg = Release|Any CPU
		{3EA8D475-CA24-44D1-BE12-DACC7E28B85A}.Release|Any CPU.Build.0 = Release|Any CPU
		{DA592303-F3AD-4473-B7CB-8EE8AB7EBC8C}.Debug|Any CPU.ActiveCfg = Debug|Any CPU
		{DA592303-F3AD-4473-B7CB-8EE8AB7EBC8C}.Debug|Any CPU.Build.0 = Debug|Any CPU
		{DA592303-F3AD-4473-B7CB-8EE8AB7EBC8C}.Release|Any CPU.ActiveCfg = Release|Any CPU
		{DA592303-F3AD-4473-B7CB-8EE8AB7EBC8C}.Release|Any CPU.Build.0 = Release|Any CPU
		{379A7425-492E-45CD-A6E9-9478BE481429}.Debug|Any CPU.ActiveCfg = Debug|Any CPU
		{379A7425-492E-45CD-A6E9-9478BE481429}.Debug|Any CPU.Build.0 = Debug|Any CPU
		{379A7425-492E-45CD-A6E9-9478BE481429}.Release|Any CPU.ActiveCfg = Release|Any CPU
		{379A7425-492E-45CD-A6E9-9478BE481429}.Release|Any CPU.Build.0 = Release|Any CPU
		{0CDFC284-23DA-46D0-85E3-2A07B8A3CB54}.Debug|Any CPU.ActiveCfg = Debug|Any CPU
		{0CDFC284-23DA-46D0-85E3-2A07B8A3CB54}.Debug|Any CPU.Build.0 = Debug|Any CPU
		{0CDFC284-23DA-46D0-85E3-2A07B8A3CB54}.Release|Any CPU.ActiveCfg = Release|Any CPU
		{0CDFC284-23DA-46D0-85E3-2A07B8A3CB54}.Release|Any CPU.Build.0 = Release|Any CPU
		{12E350E7-5610-4D41-AA45-4CA34A3E81CE}.Debug|Any CPU.ActiveCfg = Debug|Any CPU
		{12E350E7-5610-4D41-AA45-4CA34A3E81CE}.Debug|Any CPU.Build.0 = Debug|Any CPU
		{12E350E7-5610-4D41-AA45-4CA34A3E81CE}.Release|Any CPU.ActiveCfg = Release|Any CPU
		{12E350E7-5610-4D41-AA45-4CA34A3E81CE}.Release|Any CPU.Build.0 = Release|Any CPU
		{E039742E-4882-459F-8345-2FB633351D77}.Debug|Any CPU.ActiveCfg = Debug|Any CPU
		{E039742E-4882-459F-8345-2FB633351D77}.Debug|Any CPU.Build.0 = Debug|Any CPU
		{E039742E-4882-459F-8345-2FB633351D77}.Release|Any CPU.ActiveCfg = Release|Any CPU
		{E039742E-4882-459F-8345-2FB633351D77}.Release|Any CPU.Build.0 = Release|Any CPU
		{0EF1C815-1F17-4C34-BCE7-3CF8437E76C0}.Debug|Any CPU.ActiveCfg = Debug|Any CPU
		{0EF1C815-1F17-4C34-BCE7-3CF8437E76C0}.Debug|Any CPU.Build.0 = Debug|Any CPU
		{0EF1C815-1F17-4C34-BCE7-3CF8437E76C0}.Release|Any CPU.ActiveCfg = Release|Any CPU
		{0EF1C815-1F17-4C34-BCE7-3CF8437E76C0}.Release|Any CPU.Build.0 = Release|Any CPU
		{347B9560-4FCF-4B23-BB96-6E1279C4CE3E}.Debug|Any CPU.ActiveCfg = Debug|Any CPU
		{347B9560-4FCF-4B23-BB96-6E1279C4CE3E}.Debug|Any CPU.Build.0 = Debug|Any CPU
		{347B9560-4FCF-4B23-BB96-6E1279C4CE3E}.Release|Any CPU.ActiveCfg = Release|Any CPU
		{347B9560-4FCF-4B23-BB96-6E1279C4CE3E}.Release|Any CPU.Build.0 = Release|Any CPU
		{3787BDAD-92B6-40D5-90EE-3CFF7D667A87}.Debug|Any CPU.ActiveCfg = Debug|Any CPU
		{3787BDAD-92B6-40D5-90EE-3CFF7D667A87}.Debug|Any CPU.Build.0 = Debug|Any CPU
		{3787BDAD-92B6-40D5-90EE-3CFF7D667A87}.Release|Any CPU.ActiveCfg = Release|Any CPU
		{3787BDAD-92B6-40D5-90EE-3CFF7D667A87}.Release|Any CPU.Build.0 = Release|Any CPU
		{3FBDACA6-66C9-43E4-B70A-95BC204D1586}.Debug|Any CPU.ActiveCfg = Debug|Any CPU
		{3FBDACA6-66C9-43E4-B70A-95BC204D1586}.Debug|Any CPU.Build.0 = Debug|Any CPU
		{3FBDACA6-66C9-43E4-B70A-95BC204D1586}.Release|Any CPU.ActiveCfg = Release|Any CPU
		{3FBDACA6-66C9-43E4-B70A-95BC204D1586}.Release|Any CPU.Build.0 = Release|Any CPU
		{4DD577BF-C891-4D7F-9037-A624DC58F1F2}.Debug|Any CPU.ActiveCfg = Debug|Any CPU
		{4DD577BF-C891-4D7F-9037-A624DC58F1F2}.Debug|Any CPU.Build.0 = Debug|Any CPU
		{4DD577BF-C891-4D7F-9037-A624DC58F1F2}.Release|Any CPU.ActiveCfg = Release|Any CPU
		{4DD577BF-C891-4D7F-9037-A624DC58F1F2}.Release|Any CPU.Build.0 = Release|Any CPU
		{0C758E15-33BC-414C-8A85-1FFDF2D0EE0E}.Debug|Any CPU.ActiveCfg = Debug|Any CPU
		{0C758E15-33BC-414C-8A85-1FFDF2D0EE0E}.Debug|Any CPU.Build.0 = Debug|Any CPU
		{0C758E15-33BC-414C-8A85-1FFDF2D0EE0E}.Release|Any CPU.ActiveCfg = Release|Any CPU
		{0C758E15-33BC-414C-8A85-1FFDF2D0EE0E}.Release|Any CPU.Build.0 = Release|Any CPU
		{1B09D7D2-BD22-4102-862A-73A02DB5440B}.Debug|Any CPU.ActiveCfg = Debug|Any CPU
		{1B09D7D2-BD22-4102-862A-73A02DB5440B}.Debug|Any CPU.Build.0 = Debug|Any CPU
		{1B09D7D2-BD22-4102-862A-73A02DB5440B}.Release|Any CPU.ActiveCfg = Release|Any CPU
		{1B09D7D2-BD22-4102-862A-73A02DB5440B}.Release|Any CPU.Build.0 = Release|Any CPU
		{3C1C24AB-0534-40D9-9A6A-F587B2A9262B}.Debug|Any CPU.ActiveCfg = Debug|Any CPU
		{3C1C24AB-0534-40D9-9A6A-F587B2A9262B}.Debug|Any CPU.Build.0 = Debug|Any CPU
		{3C1C24AB-0534-40D9-9A6A-F587B2A9262B}.Release|Any CPU.ActiveCfg = Release|Any CPU
		{3C1C24AB-0534-40D9-9A6A-F587B2A9262B}.Release|Any CPU.Build.0 = Release|Any CPU
		{09833363-8A05-40E6-AD22-0AC93AED98DD}.Debug|Any CPU.ActiveCfg = Debug|Any CPU
		{09833363-8A05-40E6-AD22-0AC93AED98DD}.Debug|Any CPU.Build.0 = Debug|Any CPU
		{09833363-8A05-40E6-AD22-0AC93AED98DD}.Release|Any CPU.ActiveCfg = Release|Any CPU
		{09833363-8A05-40E6-AD22-0AC93AED98DD}.Release|Any CPU.Build.0 = Release|Any CPU
		{AC6A1740-AE72-4C7C-A45F-7770CD751D35}.Debug|Any CPU.ActiveCfg = Debug|Any CPU
		{AC6A1740-AE72-4C7C-A45F-7770CD751D35}.Debug|Any CPU.Build.0 = Debug|Any CPU
		{AC6A1740-AE72-4C7C-A45F-7770CD751D35}.Release|Any CPU.ActiveCfg = Release|Any CPU
		{AC6A1740-AE72-4C7C-A45F-7770CD751D35}.Release|Any CPU.Build.0 = Release|Any CPU
		{ECA24EDD-7A44-494D-BC7A-D31681E6A804}.Debug|Any CPU.ActiveCfg = Debug|Any CPU
		{ECA24EDD-7A44-494D-BC7A-D31681E6A804}.Debug|Any CPU.Build.0 = Debug|Any CPU
		{ECA24EDD-7A44-494D-BC7A-D31681E6A804}.Release|Any CPU.ActiveCfg = Release|Any CPU
		{ECA24EDD-7A44-494D-BC7A-D31681E6A804}.Release|Any CPU.Build.0 = Release|Any CPU
		{2723C449-C832-4093-87C6-C346BF001DD4}.Debug|Any CPU.ActiveCfg = Debug|Any CPU
		{2723C449-C832-4093-87C6-C346BF001DD4}.Debug|Any CPU.Build.0 = Debug|Any CPU
		{2723C449-C832-4093-87C6-C346BF001DD4}.Release|Any CPU.ActiveCfg = Release|Any CPU
		{2723C449-C832-4093-87C6-C346BF001DD4}.Release|Any CPU.Build.0 = Release|Any CPU
		{40988F4B-E62F-4953-81FA-4FB7C06D4738}.Debug|Any CPU.ActiveCfg = Debug|Any CPU
		{40988F4B-E62F-4953-81FA-4FB7C06D4738}.Debug|Any CPU.Build.0 = Debug|Any CPU
		{40988F4B-E62F-4953-81FA-4FB7C06D4738}.Release|Any CPU.ActiveCfg = Release|Any CPU
		{40988F4B-E62F-4953-81FA-4FB7C06D4738}.Release|Any CPU.Build.0 = Release|Any CPU
		{EFF80699-A15E-432E-A74B-3690E70E3453}.Debug|Any CPU.ActiveCfg = Debug|Any CPU
		{EFF80699-A15E-432E-A74B-3690E70E3453}.Debug|Any CPU.Build.0 = Debug|Any CPU
		{EFF80699-A15E-432E-A74B-3690E70E3453}.Release|Any CPU.ActiveCfg = Release|Any CPU
		{EFF80699-A15E-432E-A74B-3690E70E3453}.Release|Any CPU.Build.0 = Release|Any CPU
		{EBBB9A0F-EFF1-4E59-A012-F8615095ACAD}.Debug|Any CPU.ActiveCfg = Debug|Any CPU
		{EBBB9A0F-EFF1-4E59-A012-F8615095ACAD}.Debug|Any CPU.Build.0 = Debug|Any CPU
		{EBBB9A0F-EFF1-4E59-A012-F8615095ACAD}.Release|Any CPU.ActiveCfg = Release|Any CPU
		{EBBB9A0F-EFF1-4E59-A012-F8615095ACAD}.Release|Any CPU.Build.0 = Release|Any CPU
		{DAB24583-E406-45F6-9FED-A96AE6E70AFC}.Debug|Any CPU.ActiveCfg = Debug|Any CPU
		{DAB24583-E406-45F6-9FED-A96AE6E70AFC}.Debug|Any CPU.Build.0 = Debug|Any CPU
		{DAB24583-E406-45F6-9FED-A96AE6E70AFC}.Release|Any CPU.ActiveCfg = Release|Any CPU
		{DAB24583-E406-45F6-9FED-A96AE6E70AFC}.Release|Any CPU.Build.0 = Release|Any CPU
		{4392BA1E-0133-45F0-97EE-D634C4FD1692}.Debug|Any CPU.ActiveCfg = Debug|Any CPU
		{4392BA1E-0133-45F0-97EE-D634C4FD1692}.Debug|Any CPU.Build.0 = Debug|Any CPU
		{4392BA1E-0133-45F0-97EE-D634C4FD1692}.Release|Any CPU.ActiveCfg = Release|Any CPU
		{4392BA1E-0133-45F0-97EE-D634C4FD1692}.Release|Any CPU.Build.0 = Release|Any CPU
	EndGlobalSection
	GlobalSection(SolutionProperties) = preSolution
		HideSolutionNode = FALSE
	EndGlobalSection
	GlobalSection(NestedProjects) = preSolution
		{2DA33B38-793C-4FBA-AE2B-B00121FDA7D5} = {36D591C7-65C7-A0D1-1CBC-10CDE441BDC8}
		{3EA8D475-CA24-44D1-BE12-DACC7E28B85A} = {36D591C7-65C7-A0D1-1CBC-10CDE441BDC8}
		{DA592303-F3AD-4473-B7CB-8EE8AB7EBC8C} = {36D591C7-65C7-A0D1-1CBC-10CDE441BDC8}
		{379A7425-492E-45CD-A6E9-9478BE481429} = {786300BA-C527-4763-8978-25508D8FEDDA}
		{0CDFC284-23DA-46D0-85E3-2A07B8A3CB54} = {786300BA-C527-4763-8978-25508D8FEDDA}
		{12E350E7-5610-4D41-AA45-4CA34A3E81CE} = {786300BA-C527-4763-8978-25508D8FEDDA}
		{E039742E-4882-459F-8345-2FB633351D77} = {37C77A51-F926-4E7F-88A7-5724F6F9B744}
		{0EF1C815-1F17-4C34-BCE7-3CF8437E76C0} = {37C77A51-F926-4E7F-88A7-5724F6F9B744}
		{347B9560-4FCF-4B23-BB96-6E1279C4CE3E} = {37C77A51-F926-4E7F-88A7-5724F6F9B744}
		{3787BDAD-92B6-40D5-90EE-3CFF7D667A87} = {90947394-0DFF-4E07-9F86-7FAA306FE02E}
		{3FBDACA6-66C9-43E4-B70A-95BC204D1586} = {90947394-0DFF-4E07-9F86-7FAA306FE02E}
		{4DD577BF-C891-4D7F-9037-A624DC58F1F2} = {90947394-0DFF-4E07-9F86-7FAA306FE02E}
		{0C758E15-33BC-414C-8A85-1FFDF2D0EE0E} = {8F4C633B-1F71-4588-B935-4D8F6AA8ACF0}
		{1B09D7D2-BD22-4102-862A-73A02DB5440B} = {8F4C633B-1F71-4588-B935-4D8F6AA8ACF0}
		{3C1C24AB-0534-40D9-9A6A-F587B2A9262B} = {8F4C633B-1F71-4588-B935-4D8F6AA8ACF0}
		{09833363-8A05-40E6-AD22-0AC93AED98DD} = {DF4926D8-0C6C-4F6B-89AF-899D70B23609}
		{AC6A1740-AE72-4C7C-A45F-7770CD751D35} = {DF4926D8-0C6C-4F6B-89AF-899D70B23609}
		{ECA24EDD-7A44-494D-BC7A-D31681E6A804} = {DF4926D8-0C6C-4F6B-89AF-899D70B23609}
		{2723C449-C832-4093-87C6-C346BF001DD4} = {CC06CB47-20E1-49B1-9AA3-DBBDAA82B35A}
		{40988F4B-E62F-4953-81FA-4FB7C06D4738} = {CC06CB47-20E1-49B1-9AA3-DBBDAA82B35A}
		{EFF80699-A15E-432E-A74B-3690E70E3453} = {CC06CB47-20E1-49B1-9AA3-DBBDAA82B35A}
		{EBBB9A0F-EFF1-4E59-A012-F8615095ACAD} = {EBF885B3-26CE-4EFE-8834-D6B9BC341359}
		{DAB24583-E406-45F6-9FED-A96AE6E70AFC} = {EBF885B3-26CE-4EFE-8834-D6B9BC341359}
		{4392BA1E-0133-45F0-97EE-D634C4FD1692} = {EBF885B3-26CE-4EFE-8834-D6B9BC341359}
	EndGlobalSection
	GlobalSection(ExtensibilityGlobals) = postSolution
		SolutionGuid = {3E55802D-CD9D-45B7-A9FC-B0F757600722}
	EndGlobalSection
EndGlobal
